
Microsoft Visual Studio Solution File, Format Version 12.00
# Visual Studio Version 17
VisualStudioVersion = 17.4.33205.214
MinimumVisualStudioVersion = 10.0.40219.1
Project("{FAE04EC0-301F-11D3-BF4B-00C04F79EFBC}") = "Course", "Course.csproj", "{B3387664-6A0F-4A50-BF31-FF7A7104B685}"
EndProject
Global
	GlobalSection(SolutionConfigurationPlatforms) = preSolution
		Debug|Any CPU = Debug|Any CPU
		Release|Any CPU = Release|Any CPU
	EndGlobalSection
	GlobalSection(ProjectConfigurationPlatforms) = postSolution
		{B3387664-6A0F-4A50-BF31-FF7A7104B685}.Debug|Any CPU.ActiveCfg = Debug|Any CPU
		{B3387664-6A0F-4A50-BF31-FF7A7104B685}.Debug|Any CPU.Build.0 = Debug|Any CPU
		{B3387664-6A0F-4A50-BF31-FF7A7104B685}.Release|Any CPU.ActiveCfg = Release|Any CPU
		{B3387664-6A0F-4A50-BF31-FF7A7104B685}.Release|Any CPU.Build.0 = Release|Any CPU
	EndGlobalSection
	GlobalSection(SolutionProperties) = preSolution
		HideSolutionNode = FALSE
	EndGlobalSection
	GlobalSection(ExtensibilityGlobals) = postSolution
		SolutionGuid = {B6B64D46-7294-417F-8E8F-D9BC7B3C655F}
	EndGlobalSection
EndGlobal
